
Microsoft Visual Studio Solution File, Format Version 12.00
# Visual Studio Version 16
VisualStudioVersion = 16.0.32126.315
MinimumVisualStudioVersion = 10.0.40219.1
Project("{FAE04EC0-301F-11D3-BF4B-00C04F79EFBC}") = "Day5_ConsoleApp", "Day5_ConsoleApp.csproj", "{32BFC641-9E56-4342-9565-233A1793BC2B}"
EndProject
Project("{FAE04EC0-301F-11D3-BF4B-00C04F79EFBC}") = "Day5_ConsoleApp1", "..\Day5_ConsoleApp1\Day5_ConsoleApp1.csproj", "{8FBA091D-F4DA-41FC-9CAC-6ADC532EFE25}"
EndProject
Global
	GlobalSection(SolutionConfigurationPlatforms) = preSolution
		Debug|Any CPU = Debug|Any CPU
		Release|Any CPU = Release|Any CPU
	EndGlobalSection
	GlobalSection(ProjectConfigurationPlatforms) = postSolution
		{32BFC641-9E56-4342-9565-233A1793BC2B}.Debug|Any CPU.ActiveCfg = Debug|Any CPU
		{32BFC641-9E56-4342-9565-233A1793BC2B}.Debug|Any CPU.Build.0 = Debug|Any CPU
		{32BFC641-9E56-4342-9565-233A1793BC2B}.Release|Any CPU.ActiveCfg = Release|Any CPU
		{32BFC641-9E56-4342-9565-233A1793BC2B}.Release|Any CPU.Build.0 = Release|Any CPU
		{8FBA091D-F4DA-41FC-9CAC-6ADC532EFE25}.Debug|Any CPU.ActiveCfg = Debug|Any CPU
		{8FBA091D-F4DA-41FC-9CAC-6ADC532EFE25}.Debug|Any CPU.Build.0 = Debug|Any CPU
		{8FBA091D-F4DA-41FC-9CAC-6ADC532EFE25}.Release|Any CPU.ActiveCfg = Release|Any CPU
		{8FBA091D-F4DA-41FC-9CAC-6ADC532EFE25}.Release|Any CPU.Build.0 = Release|Any CPU
	EndGlobalSection
	GlobalSection(SolutionProperties) = preSolution
		HideSolutionNode = FALSE
	EndGlobalSection
	GlobalSection(ExtensibilityGlobals) = postSolution
		SolutionGuid = {56C13A7B-E8A0-44BB-AF2E-5C4973F19C11}
	EndGlobalSection
EndGlobal
